// !$*UTF8*$!
{
	archiveVersion = 1;
	classes = {
	};
	objectVersion = 56;
	objects = {

/* Begin PBXBuildFile section */
		6E63CFC6297E428500F41679 /* WijiApp.swift in Sources */ = {isa = PBXBuildFile; fileRef = 6E63CFC5297E428500F41679 /* WijiApp.swift */; };
		6E63CFCA297E428700F41679 /* Assets.xcassets in Resources */ = {isa = PBXBuildFile; fileRef = 6E63CFC9297E428700F41679 /* Assets.xcassets */; };
		6E63CFCD297E428700F41679 /* Preview Assets.xcassets in Resources */ = {isa = PBXBuildFile; fileRef = 6E63CFCC297E428700F41679 /* Preview Assets.xcassets */; };
		6E63CFD5297E438900F41679 /* AppDelegate.swift in Sources */ = {isa = PBXBuildFile; fileRef = 6E63CFD4297E438900F41679 /* AppDelegate.swift */; };
		6E63CFD8297E43E200F41679 /* HotKey in Frameworks */ = {isa = PBXBuildFile; productRef = 6E63CFD7297E43E200F41679 /* HotKey */; };
		6E63CFDA297E440100F41679 /* WidgetWindow.swift in Sources */ = {isa = PBXBuildFile; fileRef = 6E63CFD9297E440100F41679 /* WidgetWindow.swift */; };
		6E63CFDC297E441100F41679 /* StatusBarController.swift in Sources */ = {isa = PBXBuildFile; fileRef = 6E63CFDB297E441100F41679 /* StatusBarController.swift */; };
		6E63CFE4297E44E200F41679 /* DummyData.swift in Sources */ = {isa = PBXBuildFile; fileRef = 6E63CFE3297E44E200F41679 /* DummyData.swift */; };
		6E63CFE6297E451000F41679 /* Constants.swift in Sources */ = {isa = PBXBuildFile; fileRef = 6E63CFE5297E451000F41679 /* Constants.swift */; };
		6E63CFE8297E451B00F41679 /* Commands.swift in Sources */ = {isa = PBXBuildFile; fileRef = 6E63CFE7297E451B00F41679 /* Commands.swift */; };
		6E63CFEA297E453000F41679 /* NSWindow+Extensions.swift in Sources */ = {isa = PBXBuildFile; fileRef = 6E63CFE9297E453000F41679 /* NSWindow+Extensions.swift */; };
		6E63CFEC297E454000F41679 /* NSApplication+Extensions.swift in Sources */ = {isa = PBXBuildFile; fileRef = 6E63CFEB297E454000F41679 /* NSApplication+Extensions.swift */; };
		6E63CFEE297E454E00F41679 /* Color+Extensions.swift in Sources */ = {isa = PBXBuildFile; fileRef = 6E63CFED297E454E00F41679 /* Color+Extensions.swift */; };
		6E63CFF0297E456000F41679 /* Action.swift in Sources */ = {isa = PBXBuildFile; fileRef = 6E63CFEF297E456000F41679 /* Action.swift */; };
		6E63CFF2297E457200F41679 /* ContentViewModel.swift in Sources */ = {isa = PBXBuildFile; fileRef = 6E63CFF1297E457200F41679 /* ContentViewModel.swift */; };
		6E63CFF4297E458100F41679 /* ContentView.swift in Sources */ = {isa = PBXBuildFile; fileRef = 6E63CFF3297E458100F41679 /* ContentView.swift */; };
		6E63CFF6297E459200F41679 /* QueryField.swift in Sources */ = {isa = PBXBuildFile; fileRef = 6E63CFF5297E459200F41679 /* QueryField.swift */; };
		6E63CFF8297E459F00F41679 /* AnimatedHostView.swift in Sources */ = {isa = PBXBuildFile; fileRef = 6E63CFF7297E459F00F41679 /* AnimatedHostView.swift */; };
		6E63CFFA297E45B100F41679 /* ActionList.swift in Sources */ = {isa = PBXBuildFile; fileRef = 6E63CFF9297E45B100F41679 /* ActionList.swift */; };
		6E63CFFC297E45BE00F41679 /* ActionButtons.swift in Sources */ = {isa = PBXBuildFile; fileRef = 6E63CFFB297E45BE00F41679 /* ActionButtons.swift */; };
		6E63CFFE297E45C900F41679 /* FlippedView.swift in Sources */ = {isa = PBXBuildFile; fileRef = 6E63CFFD297E45C900F41679 /* FlippedView.swift */; };
/* End PBXBuildFile section */

/* Begin PBXFileReference section */
		6E63CFC2297E428500F41679 /* Wiji.app */ = {isa = PBXFileReference; explicitFileType = wrapper.application; includeInIndex = 0; path = Wiji.app; sourceTree = BUILT_PRODUCTS_DIR; };
		6E63CFC5297E428500F41679 /* WijiApp.swift */ = {isa = PBXFileReference; lastKnownFileType = sourcecode.swift; path = WijiApp.swift; sourceTree = "<group>"; };
		6E63CFC9297E428700F41679 /* Assets.xcassets */ = {isa = PBXFileReference; lastKnownFileType = folder.assetcatalog; path = Assets.xcassets; sourceTree = "<group>"; };
		6E63CFCC297E428700F41679 /* Preview Assets.xcassets */ = {isa = PBXFileReference; lastKnownFileType = folder.assetcatalog; path = "Preview Assets.xcassets"; sourceTree = "<group>"; };
		6E63CFCE297E428700F41679 /* Wiji.entitlements */ = {isa = PBXFileReference; lastKnownFileType = text.plist.entitlements; path = Wiji.entitlements; sourceTree = "<group>"; };
		6E63CFD4297E438900F41679 /* AppDelegate.swift */ = {isa = PBXFileReference; lastKnownFileType = sourcecode.swift; path = AppDelegate.swift; sourceTree = "<group>"; };
		6E63CFD9297E440100F41679 /* WidgetWindow.swift */ = {isa = PBXFileReference; lastKnownFileType = sourcecode.swift; path = WidgetWindow.swift; sourceTree = "<group>"; };
		6E63CFDB297E441100F41679 /* StatusBarController.swift */ = {isa = PBXFileReference; lastKnownFileType = sourcecode.swift; path = StatusBarController.swift; sourceTree = "<group>"; };
		6E63CFE3297E44E200F41679 /* DummyData.swift */ = {isa = PBXFileReference; lastKnownFileType = sourcecode.swift; path = DummyData.swift; sourceTree = "<group>"; };
		6E63CFE5297E451000F41679 /* Constants.swift */ = {isa = PBXFileReference; lastKnownFileType = sourcecode.swift; path = Constants.swift; sourceTree = "<group>"; };
		6E63CFE7297E451B00F41679 /* Commands.swift */ = {isa = PBXFileReference; lastKnownFileType = sourcecode.swift; path = Commands.swift; sourceTree = "<group>"; };
		6E63CFE9297E453000F41679 /* NSWindow+Extensions.swift */ = {isa = PBXFileReference; lastKnownFileType = sourcecode.swift; path = "NSWindow+Extensions.swift"; sourceTree = "<group>"; };
		6E63CFEB297E454000F41679 /* NSApplication+Extensions.swift */ = {isa = PBXFileReference; lastKnownFileType = sourcecode.swift; path = "NSApplication+Extensions.swift"; sourceTree = "<group>"; };
		6E63CFED297E454E00F41679 /* Color+Extensions.swift */ = {isa = PBXFileReference; lastKnownFileType = sourcecode.swift; path = "Color+Extensions.swift"; sourceTree = "<group>"; };
		6E63CFEF297E456000F41679 /* Action.swift */ = {isa = PBXFileReference; lastKnownFileType = sourcecode.swift; path = Action.swift; sourceTree = "<group>"; };
		6E63CFF1297E457200F41679 /* ContentViewModel.swift */ = {isa = PBXFileReference; lastKnownFileType = sourcecode.swift; path = ContentViewModel.swift; sourceTree = "<group>"; };
		6E63CFF3297E458100F41679 /* ContentView.swift */ = {isa = PBXFileReference; lastKnownFileType = sourcecode.swift; path = ContentView.swift; sourceTree = "<group>"; };
		6E63CFF5297E459200F41679 /* QueryField.swift */ = {isa = PBXFileReference; lastKnownFileType = sourcecode.swift; path = QueryField.swift; sourceTree = "<group>"; };
		6E63CFF7297E459F00F41679 /* AnimatedHostView.swift */ = {isa = PBXFileReference; lastKnownFileType = sourcecode.swift; path = AnimatedHostView.swift; sourceTree = "<group>"; };
		6E63CFF9297E45B100F41679 /* ActionList.swift */ = {isa = PBXFileReference; lastKnownFileType = sourcecode.swift; path = ActionList.swift; sourceTree = "<group>"; };
		6E63CFFB297E45BE00F41679 /* ActionButtons.swift */ = {isa = PBXFileReference; lastKnownFileType = sourcecode.swift; path = ActionButtons.swift; sourceTree = "<group>"; };
		6E63CFFD297E45C900F41679 /* FlippedView.swift */ = {isa = PBXFileReference; lastKnownFileType = sourcecode.swift; path = FlippedView.swift; sourceTree = "<group>"; };
		6E63CFFF297E474600F41679 /* Info.plist */ = {isa = PBXFileReference; lastKnownFileType = text.plist; path = Info.plist; sourceTree = "<group>"; };
/* End PBXFileReference section */

/* Begin PBXFrameworksBuildPhase section */
		6E63CFBF297E428500F41679 /* Frameworks */ = {
			isa = PBXFrameworksBuildPhase;
			buildActionMask = 2147483647;
			files = (
				6E63CFD8297E43E200F41679 /* HotKey in Frameworks */,
			);
			runOnlyForDeploymentPostprocessing = 0;
		};
/* End PBXFrameworksBuildPhase section */

/* Begin PBXGroup section */
		6E63CFB9297E428500F41679 = {
			isa = PBXGroup;
			children = (
				6E63CFC4297E428500F41679 /* Wiji */,
				6E63CFC3297E428500F41679 /* Products */,
			);
			sourceTree = "<group>";
		};
		6E63CFC3297E428500F41679 /* Products */ = {
			isa = PBXGroup;
			children = (
				6E63CFC2297E428500F41679 /* Wiji.app */,
			);
			name = Products;
			sourceTree = "<group>";
		};
		6E63CFC4297E428500F41679 /* Wiji */ = {
			isa = PBXGroup;
			children = (
				6E63CFFF297E474600F41679 /* Info.plist */,
				6E63CFC5297E428500F41679 /* WijiApp.swift */,
				6E63CFD4297E438900F41679 /* AppDelegate.swift */,
				6E63CFD9297E440100F41679 /* WidgetWindow.swift */,
				6E63CFDD297E445B00F41679 /* Utils */,
				6E63CFDE297E446200F41679 /* Extensions */,
				6E63CFDF297E448300F41679 /* Models */,
				6E63CFE0297E448B00F41679 /* ViewModels */,
				6E63CFE1297E449600F41679 /* Views */,
				6E63CFDB297E441100F41679 /* StatusBarController.swift */,
				6E63CFC9297E428700F41679 /* Assets.xcassets */,
				6E63CFCE297E428700F41679 /* Wiji.entitlements */,
				6E63CFCB297E428700F41679 /* Preview Content */,
			);
			path = Wiji;
			sourceTree = "<group>";
		};
		6E63CFCB297E428700F41679 /* Preview Content */ = {
			isa = PBXGroup;
			children = (
				6E63CFCC297E428700F41679 /* Preview Assets.xcassets */,
			);
			path = "Preview Content";
			sourceTree = "<group>";
		};
		6E63CFDD297E445B00F41679 /* Utils */ = {
			isa = PBXGroup;
			children = (
				6E63CFE3297E44E200F41679 /* DummyData.swift */,
				6E63CFE5297E451000F41679 /* Constants.swift */,
				6E63CFE7297E451B00F41679 /* Commands.swift */,
			);
			path = Utils;
			sourceTree = "<group>";
		};
		6E63CFDE297E446200F41679 /* Extensions */ = {
			isa = PBXGroup;
			children = (
				6E63CFE9297E453000F41679 /* NSWindow+Extensions.swift */,
				6E63CFEB297E454000F41679 /* NSApplication+Extensions.swift */,
				6E63CFED297E454E00F41679 /* Color+Extensions.swift */,
			);
			path = Extensions;
			sourceTree = "<group>";
		};
		6E63CFDF297E448300F41679 /* Models */ = {
			isa = PBXGroup;
			children = (
				6E63CFEF297E456000F41679 /* Action.swift */,
			);
			path = Models;
			sourceTree = "<group>";
		};
		6E63CFE0297E448B00F41679 /* ViewModels */ = {
			isa = PBXGroup;
			children = (
				6E63CFF1297E457200F41679 /* ContentViewModel.swift */,
			);
			path = ViewModels;
			sourceTree = "<group>";
		};
		6E63CFE1297E449600F41679 /* Views */ = {
			isa = PBXGroup;
			children = (
				6E63CFF3297E458100F41679 /* ContentView.swift */,
				6E63CFF5297E459200F41679 /* QueryField.swift */,
				6E63CFF7297E459F00F41679 /* AnimatedHostView.swift */,
				6E63CFF9297E45B100F41679 /* ActionList.swift */,
				6E63CFFB297E45BE00F41679 /* ActionButtons.swift */,
				6E63CFFD297E45C900F41679 /* FlippedView.swift */,
			);
			path = Views;
			sourceTree = "<group>";
		};
/* End PBXGroup section */

/* Begin PBXNativeTarget section */
		6E63CFC1297E428500F41679 /* Wiji */ = {
			isa = PBXNativeTarget;
			buildConfigurationList = 6E63CFD1297E428700F41679 /* Build configuration list for PBXNativeTarget "Wiji" */;
			buildPhases = (
				6E63CFBE297E428500F41679 /* Sources */,
				6E63CFBF297E428500F41679 /* Frameworks */,
				6E63CFC0297E428500F41679 /* Resources */,
			);
			buildRules = (
			);
			dependencies = (
			);
			name = Wiji;
			packageProductDependencies = (
				6E63CFD7297E43E200F41679 /* HotKey */,
			);
			productName = Wiji;
			productReference = 6E63CFC2297E428500F41679 /* Wiji.app */;
			productType = "com.apple.product-type.application";
		};
/* End PBXNativeTarget section */

/* Begin PBXProject section */
		6E63CFBA297E428500F41679 /* Project object */ = {
			isa = PBXProject;
			attributes = {
				BuildIndependentTargetsInParallel = 1;
				LastSwiftUpdateCheck = 1420;
				LastUpgradeCheck = 1420;
				TargetAttributes = {
					6E63CFC1297E428500F41679 = {
						CreatedOnToolsVersion = 14.2;
					};
				};
			};
			buildConfigurationList = 6E63CFBD297E428500F41679 /* Build configuration list for PBXProject "Wiji" */;
			compatibilityVersion = "Xcode 14.0";
			developmentRegion = en;
			hasScannedForEncodings = 0;
			knownRegions = (
				en,
				Base,
			);
			mainGroup = 6E63CFB9297E428500F41679;
			packageReferences = (
				6E63CFD6297E43E200F41679 /* XCRemoteSwiftPackageReference "HotKey" */,
			);
			productRefGroup = 6E63CFC3297E428500F41679 /* Products */;
			projectDirPath = "";
			projectRoot = "";
			targets = (
				6E63CFC1297E428500F41679 /* Wiji */,
			);
		};
/* End PBXProject section */

/* Begin PBXResourcesBuildPhase section */
		6E63CFC0297E428500F41679 /* Resources */ = {
			isa = PBXResourcesBuildPhase;
			buildActionMask = 2147483647;
			files = (
				6E63CFCD297E428700F41679 /* Preview Assets.xcassets in Resources */,
				6E63CFCA297E428700F41679 /* Assets.xcassets in Resources */,
			);
			runOnlyForDeploymentPostprocessing = 0;
		};
/* End PBXResourcesBuildPhase section */

/* Begin PBXSourcesBuildPhase section */
		6E63CFBE297E428500F41679 /* Sources */ = {
			isa = PBXSourcesBuildPhase;
			buildActionMask = 2147483647;
			files = (
				6E63CFE4297E44E200F41679 /* DummyData.swift in Sources */,
				6E63CFF2297E457200F41679 /* ContentViewModel.swift in Sources */,
				6E63CFF4297E458100F41679 /* ContentView.swift in Sources */,
				6E63CFF0297E456000F41679 /* Action.swift in Sources */,
				6E63CFEC297E454000F41679 /* NSApplication+Extensions.swift in Sources */,
				6E63CFD5297E438900F41679 /* AppDelegate.swift in Sources */,
				6E63CFFA297E45B100F41679 /* ActionList.swift in Sources */,
				6E63CFFE297E45C900F41679 /* FlippedView.swift in Sources */,
				6E63CFEA297E453000F41679 /* NSWindow+Extensions.swift in Sources */,
				6E63CFDA297E440100F41679 /* WidgetWindow.swift in Sources */,
				6E63CFE8297E451B00F41679 /* Commands.swift in Sources */,
				6E63CFFC297E45BE00F41679 /* ActionButtons.swift in Sources */,
				6E63CFF6297E459200F41679 /* QueryField.swift in Sources */,
				6E63CFE6297E451000F41679 /* Constants.swift in Sources */,
				6E63CFDC297E441100F41679 /* StatusBarController.swift in Sources */,
				6E63CFF8297E459F00F41679 /* AnimatedHostView.swift in Sources */,
				6E63CFEE297E454E00F41679 /* Color+Extensions.swift in Sources */,
				6E63CFC6297E428500F41679 /* WijiApp.swift in Sources */,
			);
			runOnlyForDeploymentPostprocessing = 0;
		};
/* End PBXSourcesBuildPhase section */

/* Begin XCBuildConfiguration section */
		6E63CFCF297E428700F41679 /* Debug */ = {
			isa = XCBuildConfiguration;
			buildSettings = {
				ALWAYS_SEARCH_USER_PATHS = NO;
				CLANG_ANALYZER_NONNULL = YES;
				CLANG_ANALYZER_NUMBER_OBJECT_CONVERSION = YES_AGGRESSIVE;
				CLANG_CXX_LANGUAGE_STANDARD = "gnu++20";
				CLANG_ENABLE_MODULES = YES;
				CLANG_ENABLE_OBJC_ARC = YES;
				CLANG_ENABLE_OBJC_WEAK = YES;
				CLANG_WARN_BLOCK_CAPTURE_AUTORELEASING = YES;
				CLANG_WARN_BOOL_CONVERSION = YES;
				CLANG_WARN_COMMA = YES;
				CLANG_WARN_CONSTANT_CONVERSION = YES;
				CLANG_WARN_DEPRECATED_OBJC_IMPLEMENTATIONS = YES;
				CLANG_WARN_DIRECT_OBJC_ISA_USAGE = YES_ERROR;
				CLANG_WARN_DOCUMENTATION_COMMENTS = YES;
				CLANG_WARN_EMPTY_BODY = YES;
				CLANG_WARN_ENUM_CONVERSION = YES;
				CLANG_WARN_INFINITE_RECURSION = YES;
				CLANG_WARN_INT_CONVERSION = YES;
				CLANG_WARN_NON_LITERAL_NULL_CONVERSION = YES;
				CLANG_WARN_OBJC_IMPLICIT_RETAIN_SELF = YES;
				CLANG_WARN_OBJC_LITERAL_CONVERSION = YES;
				CLANG_WARN_OBJC_ROOT_CLASS = YES_ERROR;
				CLANG_WARN_QUOTED_INCLUDE_IN_FRAMEWORK_HEADER = YES;
				CLANG_WARN_RANGE_LOOP_ANALYSIS = YES;
				CLANG_WARN_STRICT_PROTOTYPES = YES;
				CLANG_WARN_SUSPICIOUS_MOVE = YES;
				CLANG_WARN_UNGUARDED_AVAILABILITY = YES_AGGRESSIVE;
				CLANG_WARN_UNREACHABLE_CODE = YES;
				CLANG_WARN__DUPLICATE_METHOD_MATCH = YES;
				COPY_PHASE_STRIP = NO;
				DEBUG_INFORMATION_FORMAT = dwarf;
				ENABLE_STRICT_OBJC_MSGSEND = YES;
				ENABLE_TESTABILITY = YES;
				GCC_C_LANGUAGE_STANDARD = gnu11;
				GCC_DYNAMIC_NO_PIC = NO;
				GCC_NO_COMMON_BLOCKS = YES;
				GCC_OPTIMIZATION_LEVEL = 0;
				GCC_PREPROCESSOR_DEFINITIONS = (
					"DEBUG=1",
					"$(inherited)",
				);
				GCC_WARN_64_TO_32_BIT_CONVERSION = YES;
				GCC_WARN_ABOUT_RETURN_TYPE = YES_ERROR;
				GCC_WARN_UNDECLARED_SELECTOR = YES;
				GCC_WARN_UNINITIALIZED_AUTOS = YES_AGGRESSIVE;
				GCC_WARN_UNUSED_FUNCTION = YES;
				GCC_WARN_UNUSED_VARIABLE = YES;
				MACOSX_DEPLOYMENT_TARGET = 13.0;
				MTL_ENABLE_DEBUG_INFO = INCLUDE_SOURCE;
				MTL_FAST_MATH = YES;
				ONLY_ACTIVE_ARCH = YES;
				SDKROOT = macosx;
				SWIFT_ACTIVE_COMPILATION_CONDITIONS = DEBUG;
				SWIFT_OPTIMIZATION_LEVEL = "-Onone";
			};
			name = Debug;
		};
		6E63CFD0297E428700F41679 /* Release */ = {
			isa = XCBuildConfiguration;
			buildSettings = {
				ALWAYS_SEARCH_USER_PATHS = NO;
				CLANG_ANALYZER_NONNULL = YES;
				CLANG_ANALYZER_NUMBER_OBJECT_CONVERSION = YES_AGGRESSIVE;
				CLANG_CXX_LANGUAGE_STANDARD = "gnu++20";
				CLANG_ENABLE_MODULES = YES;
				CLANG_ENABLE_OBJC_ARC = YES;
				CLANG_ENABLE_OBJC_WEAK = YES;
				CLANG_WARN_BLOCK_CAPTURE_AUTORELEASING = YES;
				CLANG_WARN_BOOL_CONVERSION = YES;
				CLANG_WARN_COMMA = YES;
				CLANG_WARN_CONSTANT_CONVERSION = YES;
				CLANG_WARN_DEPRECATED_OBJC_IMPLEMENTATIONS = YES;
				CLANG_WARN_DIRECT_OBJC_ISA_USAGE = YES_ERROR;
				CLANG_WARN_DOCUMENTATION_COMMENTS = YES;
				CLANG_WARN_EMPTY_BODY = YES;
				CLANG_WARN_ENUM_CONVERSION = YES;
				CLANG_WARN_INFINITE_RECURSION = YES;
				CLANG_WARN_INT_CONVERSION = YES;
				CLANG_WARN_NON_LITERAL_NULL_CONVERSION = YES;
				CLANG_WARN_OBJC_IMPLICIT_RETAIN_SELF = YES;
				CLANG_WARN_OBJC_LITERAL_CONVERSION = YES;
				CLANG_WARN_OBJC_ROOT_CLASS = YES_ERROR;
				CLANG_WARN_QUOTED_INCLUDE_IN_FRAMEWORK_HEADER = YES;
				CLANG_WARN_RANGE_LOOP_ANALYSIS = YES;
				CLANG_WARN_STRICT_PROTOTYPES = YES;
				CLANG_WARN_SUSPICIOUS_MOVE = YES;
				CLANG_WARN_UNGUARDED_AVAILABILITY = YES_AGGRESSIVE;
				CLANG_WARN_UNREACHABLE_CODE = YES;
				CLANG_WARN__DUPLICATE_METHOD_MATCH = YES;
				COPY_PHASE_STRIP = NO;
				DEBUG_INFORMATION_FORMAT = "dwarf-with-dsym";
				ENABLE_NS_ASSERTIONS = NO;
				ENABLE_STRICT_OBJC_MSGSEND = YES;
				GCC_C_LANGUAGE_STANDARD = gnu11;
				GCC_NO_COMMON_BLOCKS = YES;
				GCC_WARN_64_TO_32_BIT_CONVERSION = YES;
				GCC_WARN_ABOUT_RETURN_TYPE = YES_ERROR;
				GCC_WARN_UNDECLARED_SELECTOR = YES;
				GCC_WARN_UNINITIALIZED_AUTOS = YES_AGGRESSIVE;
				GCC_WARN_UNUSED_FUNCTION = YES;
				GCC_WARN_UNUSED_VARIABLE = YES;
				MACOSX_DEPLOYMENT_TARGET = 13.0;
				MTL_ENABLE_DEBUG_INFO = NO;
				MTL_FAST_MATH = YES;
				SDKROOT = macosx;
				SWIFT_COMPILATION_MODE = wholemodule;
				SWIFT_OPTIMIZATION_LEVEL = "-O";
			};
			name = Release;
		};
		6E63CFD2297E428700F41679 /* Debug */ = {
			isa = XCBuildConfiguration;
			buildSettings = {
				ASSETCATALOG_COMPILER_APPICON_NAME = AppIcon;
				ASSETCATALOG_COMPILER_GLOBAL_ACCENT_COLOR_NAME = AccentColor;
				CODE_SIGN_ENTITLEMENTS = Wiji/Wiji.entitlements;
				"CODE_SIGN_IDENTITY[sdk=macosx*]" = "-";
				CODE_SIGN_STYLE = Automatic;
				COMBINE_HIDPI_IMAGES = YES;
				CURRENT_PROJECT_VERSION = 1;
				DEVELOPMENT_ASSET_PATHS = "\"Wiji/Preview Content\"";
				DEVELOPMENT_TEAM = M37C3Z2PMR;
				ENABLE_HARDENED_RUNTIME = YES;
				ENABLE_PREVIEWS = YES;
				GENERATE_INFOPLIST_FILE = YES;
				INFOPLIST_FILE = Wiji/Info.plist;
				INFOPLIST_KEY_LSUIElement = YES;
				INFOPLIST_KEY_NSHumanReadableCopyright = "";
				LD_RUNPATH_SEARCH_PATHS = (
					"$(inherited)",
					"@executable_path/../Frameworks",
				);
				MARKETING_VERSION = 1.0;
				PRODUCT_BUNDLE_IDENTIFIER = shockerella.Wiji;
				PRODUCT_NAME = "$(TARGET_NAME)";
				SWIFT_EMIT_LOC_STRINGS = YES;
				SWIFT_VERSION = 5.0;
			};
			name = Debug;
		};
		6E63CFD3297E428700F41679 /* Release */ = {
			isa = XCBuildConfiguration;
			buildSettings = {
				ASSETCATALOG_COMPILER_APPICON_NAME = AppIcon;
				ASSETCATALOG_COMPILER_GLOBAL_ACCENT_COLOR_NAME = AccentColor;
				CODE_SIGN_ENTITLEMENTS = Wiji/Wiji.entitlements;
				"CODE_SIGN_IDENTITY[sdk=macosx*]" = "-";
				CODE_SIGN_STYLE = Automatic;
				COMBINE_HIDPI_IMAGES = YES;
				CURRENT_PROJECT_VERSION = 1;
				DEVELOPMENT_ASSET_PATHS = "\"Wiji/Preview Content\"";
				DEVELOPMENT_TEAM = M37C3Z2PMR;
				ENABLE_HARDENED_RUNTIME = YES;
				ENABLE_PREVIEWS = YES;
				GENERATE_INFOPLIST_FILE = YES;
				INFOPLIST_FILE = Wiji/Info.plist;
				INFOPLIST_KEY_LSUIElement = YES;
				INFOPLIST_KEY_NSHumanReadableCopyright = "";
				LD_RUNPATH_SEARCH_PATHS = (
					"$(inherited)",
					"@executable_path/../Frameworks",
				);
				MARKETING_VERSION = 1.0;
				PRODUCT_BUNDLE_IDENTIFIER = shockerella.Wiji;
				PRODUCT_NAME = "$(TARGET_NAME)";
				SWIFT_EMIT_LOC_STRINGS = YES;
				SWIFT_VERSION = 5.0;
			};
			name = Release;
		};
/* End XCBuildConfiguration section */

/* Begin XCConfigurationList section */
		6E63CFBD297E428500F41679 /* Build configuration list for PBXProject "Wiji" */ = {
			isa = XCConfigurationList;
			buildConfigurations = (
				6E63CFCF297E428700F41679 /* Debug */,
				6E63CFD0297E428700F41679 /* Release */,
			);
			defaultConfigurationIsVisible = 0;
			defaultConfigurationName = Release;
		};
		6E63CFD1297E428700F41679 /* Build configuration list for PBXNativeTarget "Wiji" */ = {
			isa = XCConfigurationList;
			buildConfigurations = (
				6E63CFD2297E428700F41679 /* Debug */,
				6E63CFD3297E428700F41679 /* Release */,
			);
			defaultConfigurationIsVisible = 0;
			defaultConfigurationName = Release;
		};
/* End XCConfigurationList section */

/* Begin XCRemoteSwiftPackageReference section */
		6E63CFD6297E43E200F41679 /* XCRemoteSwiftPackageReference "HotKey" */ = {
			isa = XCRemoteSwiftPackageReference;
			repositoryURL = "https://github.com/soffes/HotKey";
			requirement = {
				branch = master;
				kind = branch;
			};
		};
/* End XCRemoteSwiftPackageReference section */

/* Begin XCSwiftPackageProductDependency section */
		6E63CFD7297E43E200F41679 /* HotKey */ = {
			isa = XCSwiftPackageProductDependency;
			package = 6E63CFD6297E43E200F41679 /* XCRemoteSwiftPackageReference "HotKey" */;
			productName = HotKey;
		};
/* End XCSwiftPackageProductDependency section */
	};
	rootObject = 6E63CFBA297E428500F41679 /* Project object */;
}
